
Microsoft Visual Studio Solution File, Format Version 12.00
# Visual Studio Version 16
VisualStudioVersion = 16.0.32802.440
MinimumVisualStudioVersion = 10.0.40219.1
Project("{F2A71F9B-5D33-465A-A702-920D77279786}") = "WebApplication2", "WebApplication2\WebApplication2.fsproj", "{3B15F4E0-0552-4128-AE7C-E278EDABC2F7}"
EndProject
Global
	GlobalSection(SolutionConfigurationPlatforms) = preSolution
		Debug|Any CPU = Debug|Any CPU
		Release|Any CPU = Release|Any CPU
	EndGlobalSection
	GlobalSection(ProjectConfigurationPlatforms) = postSolution
		{3B15F4E0-0552-4128-AE7C-E278EDABC2F7}.Debug|Any CPU.ActiveCfg = Debug|Any CPU
		{3B15F4E0-0552-4128-AE7C-E278EDABC2F7}.Debug|Any CPU.Build.0 = Debug|Any CPU
		{3B15F4E0-0552-4128-AE7C-E278EDABC2F7}.Release|Any CPU.ActiveCfg = Release|Any CPU
		{3B15F4E0-0552-4128-AE7C-E278EDABC2F7}.Release|Any CPU.Build.0 = Release|Any CPU
	EndGlobalSection
	GlobalSection(SolutionProperties) = preSolution
		HideSolutionNode = FALSE
	EndGlobalSection
	GlobalSection(ExtensibilityGlobals) = postSolution
		SolutionGuid = {206CAE05-F688-451D-86A3-003F10BD5C60}
	EndGlobalSection
EndGlobal
